
Microsoft Visual Studio Solution File, Format Version 12.00
Project("{FAE04EC0-301F-11D3-BF4B-00C04F79EFBC}") = "Api", "Api\Api.csproj", "{07703BB5-CD41-4B07-BDEE-8BC719B738AB}"
EndProject
Project("{FAE04EC0-301F-11D3-BF4B-00C04F79EFBC}") = "AsyncDecoder", "AsyncDecoder\AsyncDecoder.csproj", "{1BB4ECA1-37FF-45C7-9E4F-FC7920F0111B}"
EndProject
Project("{2150E333-8FDC-42A3-9474-1A3956D46DE8}") = "Task1", "Task1", "{497CBE5B-72FB-44E3-8384-1EA48F3A24B6}"
EndProject
Project("{2150E333-8FDC-42A3-9474-1A3956D46DE8}") = "Task2", "Task2", "{834FDEA7-B9B2-4B5D-812A-BC4E3568F6B8}"
EndProject
Project("{FAE04EC0-301F-11D3-BF4B-00C04F79EFBC}") = "Models", "Models\Models.csproj", "{5B53B84F-9084-482A-BD4E-FD6AF58AFD30}"
EndProject
Project("{FAE04EC0-301F-11D3-BF4B-00C04F79EFBC}") = "Data", "Data\Data.csproj", "{863E66B8-F03B-439B-820D-BC2BBE75291F}"
EndProject
Project("{FAE04EC0-301F-11D3-BF4B-00C04F79EFBC}") = "Features", "Features\Features.csproj", "{3AFFC492-5D6F-4365-B712-05CDA3F4700C}"
EndProject
Project("{FAE04EC0-301F-11D3-BF4B-00C04F79EFBC}") = "Infrastructure", "Infrastructure\Infrastructure.csproj", "{C6D21987-5872-4513-A02F-02ED06244B1A}"
EndProject
Project("{FAE04EC0-301F-11D3-BF4B-00C04F79EFBC}") = "Asp.Net", "Asp.Net\Asp.Net.csproj", "{1F52A23F-62CB-4D69-A47E-6F5887816BFD}"
EndProject
Global
	GlobalSection(SolutionConfigurationPlatforms) = preSolution
		Debug|Any CPU = Debug|Any CPU
		Release|Any CPU = Release|Any CPU
	EndGlobalSection
	GlobalSection(ProjectConfigurationPlatforms) = postSolution
		{07703BB5-CD41-4B07-BDEE-8BC719B738AB}.Debug|Any CPU.ActiveCfg = Debug|Any CPU
		{07703BB5-CD41-4B07-BDEE-8BC719B738AB}.Debug|Any CPU.Build.0 = Debug|Any CPU
		{07703BB5-CD41-4B07-BDEE-8BC719B738AB}.Release|Any CPU.ActiveCfg = Release|Any CPU
		{07703BB5-CD41-4B07-BDEE-8BC719B738AB}.Release|Any CPU.Build.0 = Release|Any CPU
		{1BB4ECA1-37FF-45C7-9E4F-FC7920F0111B}.Debug|Any CPU.ActiveCfg = Debug|Any CPU
		{1BB4ECA1-37FF-45C7-9E4F-FC7920F0111B}.Debug|Any CPU.Build.0 = Debug|Any CPU
		{1BB4ECA1-37FF-45C7-9E4F-FC7920F0111B}.Release|Any CPU.ActiveCfg = Release|Any CPU
		{1BB4ECA1-37FF-45C7-9E4F-FC7920F0111B}.Release|Any CPU.Build.0 = Release|Any CPU
		{5B53B84F-9084-482A-BD4E-FD6AF58AFD30}.Debug|Any CPU.ActiveCfg = Debug|Any CPU
		{5B53B84F-9084-482A-BD4E-FD6AF58AFD30}.Debug|Any CPU.Build.0 = Debug|Any CPU
		{5B53B84F-9084-482A-BD4E-FD6AF58AFD30}.Release|Any CPU.ActiveCfg = Release|Any CPU
		{5B53B84F-9084-482A-BD4E-FD6AF58AFD30}.Release|Any CPU.Build.0 = Release|Any CPU
		{863E66B8-F03B-439B-820D-BC2BBE75291F}.Debug|Any CPU.ActiveCfg = Debug|Any CPU
		{863E66B8-F03B-439B-820D-BC2BBE75291F}.Debug|Any CPU.Build.0 = Debug|Any CPU
		{863E66B8-F03B-439B-820D-BC2BBE75291F}.Release|Any CPU.ActiveCfg = Release|Any CPU
		{863E66B8-F03B-439B-820D-BC2BBE75291F}.Release|Any CPU.Build.0 = Release|Any CPU
		{3AFFC492-5D6F-4365-B712-05CDA3F4700C}.Debug|Any CPU.ActiveCfg = Debug|Any CPU
		{3AFFC492-5D6F-4365-B712-05CDA3F4700C}.Debug|Any CPU.Build.0 = Debug|Any CPU
		{3AFFC492-5D6F-4365-B712-05CDA3F4700C}.Release|Any CPU.ActiveCfg = Release|Any CPU
		{3AFFC492-5D6F-4365-B712-05CDA3F4700C}.Release|Any CPU.Build.0 = Release|Any CPU
		{C6D21987-5872-4513-A02F-02ED06244B1A}.Debug|Any CPU.ActiveCfg = Debug|Any CPU
		{C6D21987-5872-4513-A02F-02ED06244B1A}.Debug|Any CPU.Build.0 = Debug|Any CPU
		{C6D21987-5872-4513-A02F-02ED06244B1A}.Release|Any CPU.ActiveCfg = Release|Any CPU
		{C6D21987-5872-4513-A02F-02ED06244B1A}.Release|Any CPU.Build.0 = Release|Any CPU
		{1F52A23F-62CB-4D69-A47E-6F5887816BFD}.Debug|Any CPU.ActiveCfg = Debug|Any CPU
		{1F52A23F-62CB-4D69-A47E-6F5887816BFD}.Debug|Any CPU.Build.0 = Debug|Any CPU
		{1F52A23F-62CB-4D69-A47E-6F5887816BFD}.Release|Any CPU.ActiveCfg = Release|Any CPU
		{1F52A23F-62CB-4D69-A47E-6F5887816BFD}.Release|Any CPU.Build.0 = Release|Any CPU
	EndGlobalSection
	GlobalSection(NestedProjects) = preSolution
		{1BB4ECA1-37FF-45C7-9E4F-FC7920F0111B} = {497CBE5B-72FB-44E3-8384-1EA48F3A24B6}
		{07703BB5-CD41-4B07-BDEE-8BC719B738AB} = {834FDEA7-B9B2-4B5D-812A-BC4E3568F6B8}
		{5B53B84F-9084-482A-BD4E-FD6AF58AFD30} = {834FDEA7-B9B2-4B5D-812A-BC4E3568F6B8}
		{863E66B8-F03B-439B-820D-BC2BBE75291F} = {834FDEA7-B9B2-4B5D-812A-BC4E3568F6B8}
		{3AFFC492-5D6F-4365-B712-05CDA3F4700C} = {834FDEA7-B9B2-4B5D-812A-BC4E3568F6B8}
		{C6D21987-5872-4513-A02F-02ED06244B1A} = {834FDEA7-B9B2-4B5D-812A-BC4E3568F6B8}
		{1F52A23F-62CB-4D69-A47E-6F5887816BFD} = {834FDEA7-B9B2-4B5D-812A-BC4E3568F6B8}
	EndGlobalSection
EndGlobal
