
Microsoft Visual Studio Solution File, Format Version 12.00
Project("{FAE04EC0-301F-11D3-BF4B-00C04F79EFBC}") = "Api", "Api\Api.csproj", "{CDAA8C77-3C58-420E-95C4-935684876F07}"
EndProject
Project("{FAE04EC0-301F-11D3-BF4B-00C04F79EFBC}") = "Data", "Data\Data.csproj", "{72561CE1-9C7D-4D6C-8881-24D5B08F7471}"
EndProject
Project("{FAE04EC0-301F-11D3-BF4B-00C04F79EFBC}") = "Model", "Model\Model.csproj", "{23F58B6B-ADD9-44DD-AC8D-484CA1C4E60B}"
EndProject
Project("{FAE04EC0-301F-11D3-BF4B-00C04F79EFBC}") = "MongoDb", "MongoDb\MongoDb.csproj", "{ED216B7B-A54E-4E87-9B50-A967A1FC2D62}"
EndProject
Project("{2150E333-8FDC-42A3-9474-1A3956D46DE8}") = "Infrastructure", "Infrastructure", "{3B724FCB-08A4-4495-B9E8-A673FD185A1F}"
EndProject
Project("{FAE04EC0-301F-11D3-BF4B-00C04F79EFBC}") = "Core", "Core\Core.csproj", "{D5C78E15-2937-4A24-905C-A562D8425547}"
EndProject
Project("{FAE04EC0-301F-11D3-BF4B-00C04F79EFBC}") = "CQRS", "CQRS\CQRS.csproj", "{1FE9B694-F3F1-4986-B08D-82D1EFC73BCC}"
EndProject
Project("{2150E333-8FDC-42A3-9474-1A3956D46DE8}") = "Contracts", "Contracts", "{BC0A3B87-4981-4BDF-A93E-F2C769E35C61}"
EndProject
Global
	GlobalSection(SolutionConfigurationPlatforms) = preSolution
		Debug|Any CPU = Debug|Any CPU
		Release|Any CPU = Release|Any CPU
	EndGlobalSection
	GlobalSection(ProjectConfigurationPlatforms) = postSolution
		{CDAA8C77-3C58-420E-95C4-935684876F07}.Debug|Any CPU.ActiveCfg = Debug|Any CPU
		{CDAA8C77-3C58-420E-95C4-935684876F07}.Debug|Any CPU.Build.0 = Debug|Any CPU
		{CDAA8C77-3C58-420E-95C4-935684876F07}.Release|Any CPU.ActiveCfg = Release|Any CPU
		{CDAA8C77-3C58-420E-95C4-935684876F07}.Release|Any CPU.Build.0 = Release|Any CPU
		{72561CE1-9C7D-4D6C-8881-24D5B08F7471}.Debug|Any CPU.ActiveCfg = Debug|Any CPU
		{72561CE1-9C7D-4D6C-8881-24D5B08F7471}.Debug|Any CPU.Build.0 = Debug|Any CPU
		{72561CE1-9C7D-4D6C-8881-24D5B08F7471}.Release|Any CPU.ActiveCfg = Release|Any CPU
		{72561CE1-9C7D-4D6C-8881-24D5B08F7471}.Release|Any CPU.Build.0 = Release|Any CPU
		{23F58B6B-ADD9-44DD-AC8D-484CA1C4E60B}.Debug|Any CPU.ActiveCfg = Debug|Any CPU
		{23F58B6B-ADD9-44DD-AC8D-484CA1C4E60B}.Debug|Any CPU.Build.0 = Debug|Any CPU
		{23F58B6B-ADD9-44DD-AC8D-484CA1C4E60B}.Release|Any CPU.ActiveCfg = Release|Any CPU
		{23F58B6B-ADD9-44DD-AC8D-484CA1C4E60B}.Release|Any CPU.Build.0 = Release|Any CPU
		{ED216B7B-A54E-4E87-9B50-A967A1FC2D62}.Debug|Any CPU.ActiveCfg = Debug|Any CPU
		{ED216B7B-A54E-4E87-9B50-A967A1FC2D62}.Debug|Any CPU.Build.0 = Debug|Any CPU
		{ED216B7B-A54E-4E87-9B50-A967A1FC2D62}.Release|Any CPU.ActiveCfg = Release|Any CPU
		{ED216B7B-A54E-4E87-9B50-A967A1FC2D62}.Release|Any CPU.Build.0 = Release|Any CPU
		{D5C78E15-2937-4A24-905C-A562D8425547}.Debug|Any CPU.ActiveCfg = Debug|Any CPU
		{D5C78E15-2937-4A24-905C-A562D8425547}.Debug|Any CPU.Build.0 = Debug|Any CPU
		{D5C78E15-2937-4A24-905C-A562D8425547}.Release|Any CPU.ActiveCfg = Release|Any CPU
		{D5C78E15-2937-4A24-905C-A562D8425547}.Release|Any CPU.Build.0 = Release|Any CPU
		{1FE9B694-F3F1-4986-B08D-82D1EFC73BCC}.Debug|Any CPU.ActiveCfg = Debug|Any CPU
		{1FE9B694-F3F1-4986-B08D-82D1EFC73BCC}.Debug|Any CPU.Build.0 = Debug|Any CPU
		{1FE9B694-F3F1-4986-B08D-82D1EFC73BCC}.Release|Any CPU.ActiveCfg = Release|Any CPU
		{1FE9B694-F3F1-4986-B08D-82D1EFC73BCC}.Release|Any CPU.Build.0 = Release|Any CPU
	EndGlobalSection
	GlobalSection(NestedProjects) = preSolution
		{ED216B7B-A54E-4E87-9B50-A967A1FC2D62} = {3B724FCB-08A4-4495-B9E8-A673FD185A1F}
		{72561CE1-9C7D-4D6C-8881-24D5B08F7471} = {3B724FCB-08A4-4495-B9E8-A673FD185A1F}
		{23F58B6B-ADD9-44DD-AC8D-484CA1C4E60B} = {3B724FCB-08A4-4495-B9E8-A673FD185A1F}
		{1FE9B694-F3F1-4986-B08D-82D1EFC73BCC} = {BC0A3B87-4981-4BDF-A93E-F2C769E35C61}
	EndGlobalSection
EndGlobal
