
Microsoft Visual Studio Solution File, Format Version 12.00
Project("{FAE04EC0-301F-11D3-BF4B-00C04F79EFBC}") = "Api", "Api\Api.csproj", "{CDAA8C77-3C58-420E-95C4-935684876F07}"
EndProject
Global
	GlobalSection(SolutionConfigurationPlatforms) = preSolution
		Debug|Any CPU = Debug|Any CPU
		Release|Any CPU = Release|Any CPU
	EndGlobalSection
	GlobalSection(ProjectConfigurationPlatforms) = postSolution
		{CDAA8C77-3C58-420E-95C4-935684876F07}.Debug|Any CPU.ActiveCfg = Debug|Any CPU
		{CDAA8C77-3C58-420E-95C4-935684876F07}.Debug|Any CPU.Build.0 = Debug|Any CPU
		{CDAA8C77-3C58-420E-95C4-935684876F07}.Release|Any CPU.ActiveCfg = Release|Any CPU
		{CDAA8C77-3C58-420E-95C4-935684876F07}.Release|Any CPU.Build.0 = Release|Any CPU
	EndGlobalSection
EndGlobal
